
Microsoft Visual Studio Solution File, Format Version 12.00
# Visual Studio Version 17
VisualStudioVersion = 17.8.34408.163
MinimumVisualStudioVersion = 10.0.40219.1
Project("{FAE04EC0-301F-11D3-BF4B-00C04F79EFBC}") = "While_Dongusu", "While_Dongusu\While_Dongusu.csproj", "{EB65F987-3736-4F27-9EB4-2360153E7B98}"
EndProject
Global
	GlobalSection(SolutionConfigurationPlatforms) = preSolution
		Debug|Any CPU = Debug|Any CPU
		Release|Any CPU = Release|Any CPU
	EndGlobalSection
	GlobalSection(ProjectConfigurationPlatforms) = postSolution
		{EB65F987-3736-4F27-9EB4-2360153E7B98}.Debug|Any CPU.ActiveCfg = Debug|Any CPU
		{EB65F987-3736-4F27-9EB4-2360153E7B98}.Debug|Any CPU.Build.0 = Debug|Any CPU
		{EB65F987-3736-4F27-9EB4-2360153E7B98}.Release|Any CPU.ActiveCfg = Release|Any CPU
		{EB65F987-3736-4F27-9EB4-2360153E7B98}.Release|Any CPU.Build.0 = Release|Any CPU
	EndGlobalSection
	GlobalSection(SolutionProperties) = preSolution
		HideSolutionNode = FALSE
	EndGlobalSection
	GlobalSection(ExtensibilityGlobals) = postSolution
		SolutionGuid = {BB1A55D1-BF7E-402E-B961-280D59C95C51}
	EndGlobalSection
EndGlobal
