
Microsoft Visual Studio Solution File, Format Version 12.00
# Visual Studio Version 17
VisualStudioVersion = 17.8.34408.163
MinimumVisualStudioVersion = 10.0.40219.1
Project("{FAE04EC0-301F-11D3-BF4B-00C04F79EFBC}") = "Bilgi_Yarismasi_Uygulamasi", "Bilgi_Yarismasi_Uygulamasi\Bilgi_Yarismasi_Uygulamasi.csproj", "{B37F394A-0041-4240-8CC0-8E8F7837ECC5}"
EndProject
Global
	GlobalSection(SolutionConfigurationPlatforms) = preSolution
		Debug|Any CPU = Debug|Any CPU
		Release|Any CPU = Release|Any CPU
	EndGlobalSection
	GlobalSection(ProjectConfigurationPlatforms) = postSolution
		{B37F394A-0041-4240-8CC0-8E8F7837ECC5}.Debug|Any CPU.ActiveCfg = Debug|Any CPU
		{B37F394A-0041-4240-8CC0-8E8F7837ECC5}.Debug|Any CPU.Build.0 = Debug|Any CPU
		{B37F394A-0041-4240-8CC0-8E8F7837ECC5}.Release|Any CPU.ActiveCfg = Release|Any CPU
		{B37F394A-0041-4240-8CC0-8E8F7837ECC5}.Release|Any CPU.Build.0 = Release|Any CPU
	EndGlobalSection
	GlobalSection(SolutionProperties) = preSolution
		HideSolutionNode = FALSE
	EndGlobalSection
	GlobalSection(ExtensibilityGlobals) = postSolution
		SolutionGuid = {DD01EAAB-CE9E-46E8-9CF2-201CF6CEA992}
	EndGlobalSection
EndGlobal
